
Microsoft Visual Studio Solution File, Format Version 12.00
# Visual Studio 2013
VisualStudioVersion = 12.0.40629.0
MinimumVisualStudioVersion = 10.0.40219.1
Project("{FAE04EC0-301F-11D3-BF4B-00C04F79EFBC}") = "PadraoAbstractFactory", "PadraoAbstractFactory\PadraoAbstractFactory.csproj", "{8408CD0F-D0F9-4135-B3FA-11C27EA76BC2}"
EndProject
Global
	GlobalSection(SolutionConfigurationPlatforms) = preSolution
		Debug|Any CPU = Debug|Any CPU
		Release|Any CPU = Release|Any CPU
	EndGlobalSection
	GlobalSection(ProjectConfigurationPlatforms) = postSolution
		{8408CD0F-D0F9-4135-B3FA-11C27EA76BC2}.Debug|Any CPU.ActiveCfg = Debug|Any CPU
		{8408CD0F-D0F9-4135-B3FA-11C27EA76BC2}.Debug|Any CPU.Build.0 = Debug|Any CPU
		{8408CD0F-D0F9-4135-B3FA-11C27EA76BC2}.Release|Any CPU.ActiveCfg = Release|Any CPU
		{8408CD0F-D0F9-4135-B3FA-11C27EA76BC2}.Release|Any CPU.Build.0 = Release|Any CPU
	EndGlobalSection
	GlobalSection(SolutionProperties) = preSolution
		HideSolutionNode = FALSE
	EndGlobalSection
EndGlobal
